
Microsoft Visual Studio Solution File, Format Version 12.00
# Visual Studio Version 17
VisualStudioVersion = 17.4.33205.214
MinimumVisualStudioVersion = 10.0.40219.1
Project("{FAE04EC0-301F-11D3-BF4B-00C04F79EFBC}") = "CarFleet", "CarFleet\CarFleet.csproj", "{73CA4F0F-D694-4A5A-B2C3-C92999990822}"
EndProject
Project("{FAE04EC0-301F-11D3-BF4B-00C04F79EFBC}") = "CarFleetDomain", "CarFleetDomain\CarFleetDomain.csproj", "{D2C400CF-53E4-4D35-8C36-4C0AC25113EC}"
EndProject
Global
	GlobalSection(SolutionConfigurationPlatforms) = preSolution
		Debug|Any CPU = Debug|Any CPU
		Release|Any CPU = Release|Any CPU
	EndGlobalSection
	GlobalSection(ProjectConfigurationPlatforms) = postSolution
		{73CA4F0F-D694-4A5A-B2C3-C92999990822}.Debug|Any CPU.ActiveCfg = Debug|Any CPU
		{73CA4F0F-D694-4A5A-B2C3-C92999990822}.Debug|Any CPU.Build.0 = Debug|Any CPU
		{73CA4F0F-D694-4A5A-B2C3-C92999990822}.Release|Any CPU.ActiveCfg = Release|Any CPU
		{73CA4F0F-D694-4A5A-B2C3-C92999990822}.Release|Any CPU.Build.0 = Release|Any CPU
		{D2C400CF-53E4-4D35-8C36-4C0AC25113EC}.Debug|Any CPU.ActiveCfg = Debug|Any CPU
		{D2C400CF-53E4-4D35-8C36-4C0AC25113EC}.Debug|Any CPU.Build.0 = Debug|Any CPU
		{D2C400CF-53E4-4D35-8C36-4C0AC25113EC}.Release|Any CPU.ActiveCfg = Release|Any CPU
		{D2C400CF-53E4-4D35-8C36-4C0AC25113EC}.Release|Any CPU.Build.0 = Release|Any CPU
	EndGlobalSection
	GlobalSection(SolutionProperties) = preSolution
		HideSolutionNode = FALSE
	EndGlobalSection
	GlobalSection(ExtensibilityGlobals) = postSolution
		SolutionGuid = {A1F30FB8-6D69-4A73-BDBE-C921E9CA0282}
	EndGlobalSection
EndGlobal
